
Microsoft Visual Studio Solution File, Format Version 12.00
# Visual Studio 15
VisualStudioVersion = 15.0.28307.645
MinimumVisualStudioVersion = 10.0.40219.1
Project("{FAE04EC0-301F-11D3-BF4B-00C04F79EFBC}") = "Engien", "Engien\Engien.csproj", "{D18C8467-7C5D-47EA-8E77-122ADF33EE8C}"
EndProject
Project("{FAE04EC0-301F-11D3-BF4B-00C04F79EFBC}") = "UI", "UI\UI.csproj", "{1CA4A2FD-CD66-4F18-818B-9EC9EFBA2918}"
EndProject
Global
	GlobalSection(SolutionConfigurationPlatforms) = preSolution
		Debug|Any CPU = Debug|Any CPU
		Release|Any CPU = Release|Any CPU
	EndGlobalSection
	GlobalSection(ProjectConfigurationPlatforms) = postSolution
		{D18C8467-7C5D-47EA-8E77-122ADF33EE8C}.Debug|Any CPU.ActiveCfg = Debug|Any CPU
		{D18C8467-7C5D-47EA-8E77-122ADF33EE8C}.Debug|Any CPU.Build.0 = Debug|Any CPU
		{D18C8467-7C5D-47EA-8E77-122ADF33EE8C}.Release|Any CPU.ActiveCfg = Release|Any CPU
		{D18C8467-7C5D-47EA-8E77-122ADF33EE8C}.Release|Any CPU.Build.0 = Release|Any CPU
		{1CA4A2FD-CD66-4F18-818B-9EC9EFBA2918}.Debug|Any CPU.ActiveCfg = Debug|Any CPU
		{1CA4A2FD-CD66-4F18-818B-9EC9EFBA2918}.Debug|Any CPU.Build.0 = Debug|Any CPU
		{1CA4A2FD-CD66-4F18-818B-9EC9EFBA2918}.Release|Any CPU.ActiveCfg = Release|Any CPU
		{1CA4A2FD-CD66-4F18-818B-9EC9EFBA2918}.Release|Any CPU.Build.0 = Release|Any CPU
	EndGlobalSection
	GlobalSection(SolutionProperties) = preSolution
		HideSolutionNode = FALSE
	EndGlobalSection
	GlobalSection(ExtensibilityGlobals) = postSolution
		SolutionGuid = {76CD6258-B49D-4BE4-B611-FBE781B588CE}
	EndGlobalSection
EndGlobal
